
Microsoft Visual Studio Solution File, Format Version 12.00
# Visual Studio Version 17
VisualStudioVersion = 17.7.34221.43
MinimumVisualStudioVersion = 10.0.40219.1
Project("{FAE04EC0-301F-11D3-BF4B-00C04F79EFBC}") = "Coffee", "Coffee\Coffee.csproj", "{C31E216A-B81C-4577-BD74-FE2A6CA7AA77}"
EndProject
Global
	GlobalSection(SolutionConfigurationPlatforms) = preSolution
		Debug|Any CPU = Debug|Any CPU
		Release|Any CPU = Release|Any CPU
	EndGlobalSection
	GlobalSection(ProjectConfigurationPlatforms) = postSolution
		{C31E216A-B81C-4577-BD74-FE2A6CA7AA77}.Debug|Any CPU.ActiveCfg = Debug|Any CPU
		{C31E216A-B81C-4577-BD74-FE2A6CA7AA77}.Debug|Any CPU.Build.0 = Debug|Any CPU
		{C31E216A-B81C-4577-BD74-FE2A6CA7AA77}.Release|Any CPU.ActiveCfg = Release|Any CPU
		{C31E216A-B81C-4577-BD74-FE2A6CA7AA77}.Release|Any CPU.Build.0 = Release|Any CPU
	EndGlobalSection
	GlobalSection(SolutionProperties) = preSolution
		HideSolutionNode = FALSE
	EndGlobalSection
	GlobalSection(ExtensibilityGlobals) = postSolution
		SolutionGuid = {E9606F5A-ECFC-43A8-9273-173876A13806}
	EndGlobalSection
EndGlobal
